
Microsoft Visual Studio Solution File, Format Version 12.00
# Visual Studio 15
VisualStudioVersion = 15.0.28307.102
MinimumVisualStudioVersion = 10.0.40219.1
Project("{FAE04EC0-301F-11D3-BF4B-00C04F79EFBC}") = "HardMany", "HardMany\HardMany.csproj", "{65E83EC6-160E-4F16-8FC2-75F6C69CECFD}"
EndProject
Global
	GlobalSection(SolutionConfigurationPlatforms) = preSolution
		Debug|Any CPU = Debug|Any CPU
		Release|Any CPU = Release|Any CPU
	EndGlobalSection
	GlobalSection(ProjectConfigurationPlatforms) = postSolution
		{65E83EC6-160E-4F16-8FC2-75F6C69CECFD}.Debug|Any CPU.ActiveCfg = Debug|Any CPU
		{65E83EC6-160E-4F16-8FC2-75F6C69CECFD}.Debug|Any CPU.Build.0 = Debug|Any CPU
		{65E83EC6-160E-4F16-8FC2-75F6C69CECFD}.Release|Any CPU.ActiveCfg = Release|Any CPU
		{65E83EC6-160E-4F16-8FC2-75F6C69CECFD}.Release|Any CPU.Build.0 = Release|Any CPU
	EndGlobalSection
	GlobalSection(SolutionProperties) = preSolution
		HideSolutionNode = FALSE
	EndGlobalSection
	GlobalSection(ExtensibilityGlobals) = postSolution
		SolutionGuid = {0163FB09-6318-478E-AA49-1749DC9E4427}
	EndGlobalSection
EndGlobal
